// !$*UTF8*$!
{
	archiveVersion = 1;
	classes = {
	};
	objectVersion = 56;
	objects = {

/* Begin PBXBuildFile section */
		EA32566D2C722CF9002D74F4 /* LLVMTree.swift in Sources */ = {isa = PBXBuildFile; fileRef = EA32566C2C722CF9002D74F4 /* LLVMTree.swift */; };
		EAADDC012C281D400073037A /* main.swift in Sources */ = {isa = PBXBuildFile; fileRef = EAADDC002C281D400073037A /* main.swift */; };
		EAADDC082C281D530073037A /* Tree.swift in Sources */ = {isa = PBXBuildFile; fileRef = EAADDC072C281D530073037A /* Tree.swift */; };
		EAADDC0A2C281D970073037A /* Parser.swift in Sources */ = {isa = PBXBuildFile; fileRef = EAADDC092C281D970073037A /* Parser.swift */; };
		EAADDC0D2C281DBC0073037A /* SwiParse in Frameworks */ = {isa = PBXBuildFile; productRef = EAADDC0C2C281DBC0073037A /* SwiParse */; };
		EAADDC0F2C281E190073037A /* ParserFunctions.swift in Sources */ = {isa = PBXBuildFile; fileRef = EAADDC0E2C281E190073037A /* ParserFunctions.swift */; };
/* End PBXBuildFile section */

/* Begin PBXCopyFilesBuildPhase section */
		EAADDBFB2C281D400073037A /* CopyFiles */ = {
			isa = PBXCopyFilesBuildPhase;
			buildActionMask = 2147483647;
			dstPath = /usr/share/man/man1/;
			dstSubfolderSpec = 0;
			files = (
			);
			runOnlyForDeploymentPostprocessing = 1;
		};
/* End PBXCopyFilesBuildPhase section */

/* Begin PBXFileReference section */
		EA32566C2C722CF9002D74F4 /* LLVMTree.swift */ = {isa = PBXFileReference; lastKnownFileType = sourcecode.swift; path = LLVMTree.swift; sourceTree = "<group>"; };
		EAADDBFD2C281D400073037A /* miniGoV2 */ = {isa = PBXFileReference; explicitFileType = "compiled.mach-o.executable"; includeInIndex = 0; path = miniGoV2; sourceTree = BUILT_PRODUCTS_DIR; };
		EAADDC002C281D400073037A /* main.swift */ = {isa = PBXFileReference; lastKnownFileType = sourcecode.swift; path = main.swift; sourceTree = "<group>"; };
		EAADDC072C281D530073037A /* Tree.swift */ = {isa = PBXFileReference; lastKnownFileType = sourcecode.swift; path = Tree.swift; sourceTree = "<group>"; };
		EAADDC092C281D970073037A /* Parser.swift */ = {isa = PBXFileReference; lastKnownFileType = sourcecode.swift; path = Parser.swift; sourceTree = "<group>"; };
		EAADDC0E2C281E190073037A /* ParserFunctions.swift */ = {isa = PBXFileReference; lastKnownFileType = sourcecode.swift; path = ParserFunctions.swift; sourceTree = "<group>"; };
/* End PBXFileReference section */

/* Begin PBXFrameworksBuildPhase section */
		EAADDBFA2C281D400073037A /* Frameworks */ = {
			isa = PBXFrameworksBuildPhase;
			buildActionMask = 2147483647;
			files = (
				EAADDC0D2C281DBC0073037A /* SwiParse in Frameworks */,
			);
			runOnlyForDeploymentPostprocessing = 0;
		};
/* End PBXFrameworksBuildPhase section */

/* Begin PBXGroup section */
		EAADDBF42C281D400073037A = {
			isa = PBXGroup;
			children = (
				EAADDBFF2C281D400073037A /* miniGoV2 */,
				EAADDBFE2C281D400073037A /* Products */,
			);
			sourceTree = "<group>";
		};
		EAADDBFE2C281D400073037A /* Products */ = {
			isa = PBXGroup;
			children = (
				EAADDBFD2C281D400073037A /* miniGoV2 */,
			);
			name = Products;
			sourceTree = "<group>";
		};
		EAADDBFF2C281D400073037A /* miniGoV2 */ = {
			isa = PBXGroup;
			children = (
				EAADDC002C281D400073037A /* main.swift */,
				EAADDC072C281D530073037A /* Tree.swift */,
				EAADDC092C281D970073037A /* Parser.swift */,
				EAADDC0E2C281E190073037A /* ParserFunctions.swift */,
				EA32566C2C722CF9002D74F4 /* LLVMTree.swift */,
			);
			path = miniGoV2;
			sourceTree = "<group>";
		};
/* End PBXGroup section */

/* Begin PBXNativeTarget section */
		EAADDBFC2C281D400073037A /* miniGoV2 */ = {
			isa = PBXNativeTarget;
			buildConfigurationList = EAADDC042C281D400073037A /* Build configuration list for PBXNativeTarget "miniGoV2" */;
			buildPhases = (
				EAADDBF92C281D400073037A /* Sources */,
				EAADDBFA2C281D400073037A /* Frameworks */,
				EAADDBFB2C281D400073037A /* CopyFiles */,
			);
			buildRules = (
			);
			dependencies = (
			);
			name = miniGoV2;
			packageProductDependencies = (
				EAADDC0C2C281DBC0073037A /* SwiParse */,
			);
			productName = miniGoV2;
			productReference = EAADDBFD2C281D400073037A /* miniGoV2 */;
			productType = "com.apple.product-type.tool";
		};
/* End PBXNativeTarget section */

/* Begin PBXProject section */
		EAADDBF52C281D400073037A /* Project object */ = {
			isa = PBXProject;
			attributes = {
				BuildIndependentTargetsInParallel = 1;
				LastSwiftUpdateCheck = 1540;
				LastUpgradeCheck = 1540;
				TargetAttributes = {
					EAADDBFC2C281D400073037A = {
						CreatedOnToolsVersion = 15.4;
					};
				};
			};
			buildConfigurationList = EAADDBF82C281D400073037A /* Build configuration list for PBXProject "miniGoV2" */;
			compatibilityVersion = "Xcode 14.0";
			developmentRegion = en;
			hasScannedForEncodings = 0;
			knownRegions = (
				en,
				Base,
			);
			mainGroup = EAADDBF42C281D400073037A;
			packageReferences = (
				EAADDC0B2C281DBC0073037A /* XCRemoteSwiftPackageReference "SwiParse" */,
			);
			productRefGroup = EAADDBFE2C281D400073037A /* Products */;
			projectDirPath = "";
			projectRoot = "";
			targets = (
				EAADDBFC2C281D400073037A /* miniGoV2 */,
			);
		};
/* End PBXProject section */

/* Begin PBXSourcesBuildPhase section */
		EAADDBF92C281D400073037A /* Sources */ = {
			isa = PBXSourcesBuildPhase;
			buildActionMask = 2147483647;
			files = (
				EA32566D2C722CF9002D74F4 /* LLVMTree.swift in Sources */,
				EAADDC012C281D400073037A /* main.swift in Sources */,
				EAADDC082C281D530073037A /* Tree.swift in Sources */,
				EAADDC0F2C281E190073037A /* ParserFunctions.swift in Sources */,
				EAADDC0A2C281D970073037A /* Parser.swift in Sources */,
			);
			runOnlyForDeploymentPostprocessing = 0;
		};
/* End PBXSourcesBuildPhase section */

/* Begin XCBuildConfiguration section */
		EAADDC022C281D400073037A /* Debug */ = {
			isa = XCBuildConfiguration;
			buildSettings = {
				ALWAYS_SEARCH_USER_PATHS = NO;
				ASSETCATALOG_COMPILER_GENERATE_SWIFT_ASSET_SYMBOL_EXTENSIONS = YES;
				CLANG_ANALYZER_NONNULL = YES;
				CLANG_ANALYZER_NUMBER_OBJECT_CONVERSION = YES_AGGRESSIVE;
				CLANG_CXX_LANGUAGE_STANDARD = "gnu++20";
				CLANG_ENABLE_MODULES = YES;
				CLANG_ENABLE_OBJC_ARC = YES;
				CLANG_ENABLE_OBJC_WEAK = YES;
				CLANG_WARN_BLOCK_CAPTURE_AUTORELEASING = YES;
				CLANG_WARN_BOOL_CONVERSION = YES;
				CLANG_WARN_COMMA = YES;
				CLANG_WARN_CONSTANT_CONVERSION = YES;
				CLANG_WARN_DEPRECATED_OBJC_IMPLEMENTATIONS = YES;
				CLANG_WARN_DIRECT_OBJC_ISA_USAGE = YES_ERROR;
				CLANG_WARN_DOCUMENTATION_COMMENTS = YES;
				CLANG_WARN_EMPTY_BODY = YES;
				CLANG_WARN_ENUM_CONVERSION = YES;
				CLANG_WARN_INFINITE_RECURSION = YES;
				CLANG_WARN_INT_CONVERSION = YES;
				CLANG_WARN_NON_LITERAL_NULL_CONVERSION = YES;
				CLANG_WARN_OBJC_IMPLICIT_RETAIN_SELF = YES;
				CLANG_WARN_OBJC_LITERAL_CONVERSION = YES;
				CLANG_WARN_OBJC_ROOT_CLASS = YES_ERROR;
				CLANG_WARN_QUOTED_INCLUDE_IN_FRAMEWORK_HEADER = YES;
				CLANG_WARN_RANGE_LOOP_ANALYSIS = YES;
				CLANG_WARN_STRICT_PROTOTYPES = YES;
				CLANG_WARN_SUSPICIOUS_MOVE = YES;
				CLANG_WARN_UNGUARDED_AVAILABILITY = YES_AGGRESSIVE;
				CLANG_WARN_UNREACHABLE_CODE = YES;
				CLANG_WARN__DUPLICATE_METHOD_MATCH = YES;
				COPY_PHASE_STRIP = NO;
				DEBUG_INFORMATION_FORMAT = dwarf;
				ENABLE_STRICT_OBJC_MSGSEND = YES;
				ENABLE_TESTABILITY = YES;
				ENABLE_USER_SCRIPT_SANDBOXING = YES;
				GCC_C_LANGUAGE_STANDARD = gnu17;
				GCC_DYNAMIC_NO_PIC = NO;
				GCC_NO_COMMON_BLOCKS = YES;
				GCC_OPTIMIZATION_LEVEL = 0;
				GCC_PREPROCESSOR_DEFINITIONS = (
					"DEBUG=1",
					"$(inherited)",
				);
				GCC_WARN_64_TO_32_BIT_CONVERSION = YES;
				GCC_WARN_ABOUT_RETURN_TYPE = YES_ERROR;
				GCC_WARN_UNDECLARED_SELECTOR = YES;
				GCC_WARN_UNINITIALIZED_AUTOS = YES_AGGRESSIVE;
				GCC_WARN_UNUSED_FUNCTION = YES;
				GCC_WARN_UNUSED_VARIABLE = YES;
				LOCALIZATION_PREFERS_STRING_CATALOGS = YES;
				MACOSX_DEPLOYMENT_TARGET = 14.5;
				MTL_ENABLE_DEBUG_INFO = INCLUDE_SOURCE;
				MTL_FAST_MATH = YES;
				ONLY_ACTIVE_ARCH = YES;
				SDKROOT = macosx;
				SWIFT_ACTIVE_COMPILATION_CONDITIONS = "DEBUG $(inherited)";
				SWIFT_OPTIMIZATION_LEVEL = "-Onone";
			};
			name = Debug;
		};
		EAADDC032C281D400073037A /* Release */ = {
			isa = XCBuildConfiguration;
			buildSettings = {
				ALWAYS_SEARCH_USER_PATHS = NO;
				ASSETCATALOG_COMPILER_GENERATE_SWIFT_ASSET_SYMBOL_EXTENSIONS = YES;
				CLANG_ANALYZER_NONNULL = YES;
				CLANG_ANALYZER_NUMBER_OBJECT_CONVERSION = YES_AGGRESSIVE;
				CLANG_CXX_LANGUAGE_STANDARD = "gnu++20";
				CLANG_ENABLE_MODULES = YES;
				CLANG_ENABLE_OBJC_ARC = YES;
				CLANG_ENABLE_OBJC_WEAK = YES;
				CLANG_WARN_BLOCK_CAPTURE_AUTORELEASING = YES;
				CLANG_WARN_BOOL_CONVERSION = YES;
				CLANG_WARN_COMMA = YES;
				CLANG_WARN_CONSTANT_CONVERSION = YES;
				CLANG_WARN_DEPRECATED_OBJC_IMPLEMENTATIONS = YES;
				CLANG_WARN_DIRECT_OBJC_ISA_USAGE = YES_ERROR;
				CLANG_WARN_DOCUMENTATION_COMMENTS = YES;
				CLANG_WARN_EMPTY_BODY = YES;
				CLANG_WARN_ENUM_CONVERSION = YES;
				CLANG_WARN_INFINITE_RECURSION = YES;
				CLANG_WARN_INT_CONVERSION = YES;
				CLANG_WARN_NON_LITERAL_NULL_CONVERSION = YES;
				CLANG_WARN_OBJC_IMPLICIT_RETAIN_SELF = YES;
				CLANG_WARN_OBJC_LITERAL_CONVERSION = YES;
				CLANG_WARN_OBJC_ROOT_CLASS = YES_ERROR;
				CLANG_WARN_QUOTED_INCLUDE_IN_FRAMEWORK_HEADER = YES;
				CLANG_WARN_RANGE_LOOP_ANALYSIS = YES;
				CLANG_WARN_STRICT_PROTOTYPES = YES;
				CLANG_WARN_SUSPICIOUS_MOVE = YES;
				CLANG_WARN_UNGUARDED_AVAILABILITY = YES_AGGRESSIVE;
				CLANG_WARN_UNREACHABLE_CODE = YES;
				CLANG_WARN__DUPLICATE_METHOD_MATCH = YES;
				COPY_PHASE_STRIP = NO;
				DEBUG_INFORMATION_FORMAT = "dwarf-with-dsym";
				ENABLE_NS_ASSERTIONS = NO;
				ENABLE_STRICT_OBJC_MSGSEND = YES;
				ENABLE_USER_SCRIPT_SANDBOXING = YES;
				GCC_C_LANGUAGE_STANDARD = gnu17;
				GCC_NO_COMMON_BLOCKS = YES;
				GCC_WARN_64_TO_32_BIT_CONVERSION = YES;
				GCC_WARN_ABOUT_RETURN_TYPE = YES_ERROR;
				GCC_WARN_UNDECLARED_SELECTOR = YES;
				GCC_WARN_UNINITIALIZED_AUTOS = YES_AGGRESSIVE;
				GCC_WARN_UNUSED_FUNCTION = YES;
				GCC_WARN_UNUSED_VARIABLE = YES;
				LOCALIZATION_PREFERS_STRING_CATALOGS = YES;
				MACOSX_DEPLOYMENT_TARGET = 14.5;
				MTL_ENABLE_DEBUG_INFO = NO;
				MTL_FAST_MATH = YES;
				SDKROOT = macosx;
				SWIFT_COMPILATION_MODE = wholemodule;
			};
			name = Release;
		};
		EAADDC052C281D400073037A /* Debug */ = {
			isa = XCBuildConfiguration;
			buildSettings = {
				CODE_SIGN_STYLE = Automatic;
				PRODUCT_NAME = "$(TARGET_NAME)";
				SWIFT_VERSION = 5.0;
			};
			name = Debug;
		};
		EAADDC062C281D400073037A /* Release */ = {
			isa = XCBuildConfiguration;
			buildSettings = {
				CODE_SIGN_STYLE = Automatic;
				PRODUCT_NAME = "$(TARGET_NAME)";
				SWIFT_VERSION = 5.0;
			};
			name = Release;
		};
/* End XCBuildConfiguration section */

/* Begin XCConfigurationList section */
		EAADDBF82C281D400073037A /* Build configuration list for PBXProject "miniGoV2" */ = {
			isa = XCConfigurationList;
			buildConfigurations = (
				EAADDC022C281D400073037A /* Debug */,
				EAADDC032C281D400073037A /* Release */,
			);
			defaultConfigurationIsVisible = 0;
			defaultConfigurationName = Release;
		};
		EAADDC042C281D400073037A /* Build configuration list for PBXNativeTarget "miniGoV2" */ = {
			isa = XCConfigurationList;
			buildConfigurations = (
				EAADDC052C281D400073037A /* Debug */,
				EAADDC062C281D400073037A /* Release */,
			);
			defaultConfigurationIsVisible = 0;
			defaultConfigurationName = Release;
		};
/* End XCConfigurationList section */

/* Begin XCRemoteSwiftPackageReference section */
		EAADDC0B2C281DBC0073037A /* XCRemoteSwiftPackageReference "SwiParse" */ = {
			isa = XCRemoteSwiftPackageReference;
			repositoryURL = "https://github.com/yassram/SwiParse.git";
			requirement = {
				kind = upToNextMajorVersion;
				minimumVersion = 1.0.0;
			};
		};
/* End XCRemoteSwiftPackageReference section */

/* Begin XCSwiftPackageProductDependency section */
		EAADDC0C2C281DBC0073037A /* SwiParse */ = {
			isa = XCSwiftPackageProductDependency;
			package = EAADDC0B2C281DBC0073037A /* XCRemoteSwiftPackageReference "SwiParse" */;
			productName = SwiParse;
		};
/* End XCSwiftPackageProductDependency section */
	};
	rootObject = EAADDBF52C281D400073037A /* Project object */;
}
